// !$*UTF8*$!
{
	archiveVersion = 1;
	classes = {
	};
	objectVersion = 77;
	objects = {

/* Begin PBXBuildFile section */
		13DED3942E1E55C90072C214 /* Auth in Frameworks */ = {isa = PBXBuildFile; productRef = 13DED3932E1E55C90072C214 /* Auth */; };
		13DED3962E1E55C90072C214 /* Functions in Frameworks */ = {isa = PBXBuildFile; productRef = 13DED3952E1E55C90072C214 /* Functions */; };
		13DED3982E1E55C90072C214 /* PostgREST in Frameworks */ = {isa = PBXBuildFile; productRef = 13DED3972E1E55C90072C214 /* PostgREST */; };
		13DED39A2E1E55C90072C214 /* Realtime in Frameworks */ = {isa = PBXBuildFile; productRef = 13DED3992E1E55C90072C214 /* Realtime */; };
		13DED39C2E1E55C90072C214 /* Storage in Frameworks */ = {isa = PBXBuildFile; productRef = 13DED39B2E1E55C90072C214 /* Storage */; };
		13DED3A12E1E572F0072C214 /* Supabase in Frameworks */ = {isa = PBXBuildFile; productRef = 13DED3A02E1E572F0072C214 /* Supabase */; };
/* End PBXBuildFile section */

/* Begin PBXContainerItemProxy section */
		13DED3762E1E54A80072C214 /* PBXContainerItemProxy */ = {
			isa = PBXContainerItemProxy;
			containerPortal = 13DED3602E1E54A60072C214 /* Project object */;
			proxyType = 1;
			remoteGlobalIDString = 13DED3672E1E54A60072C214;
			remoteInfo = FMKasse;
		};
		13DED3802E1E54A80072C214 /* PBXContainerItemProxy */ = {
			isa = PBXContainerItemProxy;
			containerPortal = 13DED3602E1E54A60072C214 /* Project object */;
			proxyType = 1;
			remoteGlobalIDString = 13DED3672E1E54A60072C214;
			remoteInfo = FMKasse;
		};
/* End PBXContainerItemProxy section */

/* Begin PBXFileReference section */
		13DED3682E1E54A60072C214 /* FMKasse.app */ = {isa = PBXFileReference; explicitFileType = wrapper.application; includeInIndex = 0; path = FMKasse.app; sourceTree = BUILT_PRODUCTS_DIR; };
		13DED3752E1E54A80072C214 /* FMKasseTests.xctest */ = {isa = PBXFileReference; explicitFileType = wrapper.cfbundle; includeInIndex = 0; path = FMKasseTests.xctest; sourceTree = BUILT_PRODUCTS_DIR; };
		13DED37F2E1E54A80072C214 /* FMKasseUITests.xctest */ = {isa = PBXFileReference; explicitFileType = wrapper.cfbundle; includeInIndex = 0; path = FMKasseUITests.xctest; sourceTree = BUILT_PRODUCTS_DIR; };
/* End PBXFileReference section */

/* Begin PBXFileSystemSynchronizedBuildFileExceptionSet section */
		13FD1CB72FE44774003EE070 /* Exceptions for "FMKasse" folder in "FMKasse" target */ = {
			isa = PBXFileSystemSynchronizedBuildFileExceptionSet;
			membershipExceptions = (
				Info.plist,
			);
			target = 13DED3672E1E54A60072C214 /* FMKasse */;
		};
/* End PBXFileSystemSynchronizedBuildFileExceptionSet section */

/* Begin PBXFileSystemSynchronizedRootGroup section */
		13DED36A2E1E54A60072C214 /* FMKasse */ = {
			isa = PBXFileSystemSynchronizedRootGroup;
			exceptions = (
				13FD1CB72FE44774003EE070 /* Exceptions for "FMKasse" folder in "FMKasse" target */,
			);
			path = FMKasse;
			sourceTree = "<group>";
		};
		13DED3782E1E54A80072C214 /* FMKasseTests */ = {
			isa = PBXFileSystemSynchronizedRootGroup;
			path = FMKasseTests;
			sourceTree = "<group>";
		};
		13DED3822E1E54A80072C214 /* FMKasseUITests */ = {
			isa = PBXFileSystemSynchronizedRootGroup;
			path = FMKasseUITests;
			sourceTree = "<group>";
		};
/* End PBXFileSystemSynchronizedRootGroup section */

/* Begin PBXFrameworksBuildPhase section */
		13DED3652E1E54A60072C214 /* Frameworks */ = {
			isa = PBXFrameworksBuildPhase;
			buildActionMask = 2147483647;
			files = (
				13DED3982E1E55C90072C214 /* PostgREST in Frameworks */,
				13DED3962E1E55C90072C214 /* Functions in Frameworks */,
				13DED3A12E1E572F0072C214 /* Supabase in Frameworks */,
				13DED3942E1E55C90072C214 /* Auth in Frameworks */,
				13DED39C2E1E55C90072C214 /* Storage in Frameworks */,
				13DED39A2E1E55C90072C214 /* Realtime in Frameworks */,
			);
			runOnlyForDeploymentPostprocessing = 0;
		};
		13DED3722E1E54A80072C214 /* Frameworks */ = {
			isa = PBXFrameworksBuildPhase;
			buildActionMask = 2147483647;
			files = (
			);
			runOnlyForDeploymentPostprocessing = 0;
		};
		13DED37C2E1E54A80072C214 /* Frameworks */ = {
			isa = PBXFrameworksBuildPhase;
			buildActionMask = 2147483647;
			files = (
			);
			runOnlyForDeploymentPostprocessing = 0;
		};
/* End PBXFrameworksBuildPhase section */

/* Begin PBXGroup section */
		13DED35F2E1E54A60072C214 = {
			isa = PBXGroup;
			children = (
				13DED36A2E1E54A60072C214 /* FMKasse */,
				13DED3782E1E54A80072C214 /* FMKasseTests */,
				13DED3822E1E54A80072C214 /* FMKasseUITests */,
				13DED39F2E1E572F0072C214 /* Frameworks */,
				13DED3692E1E54A60072C214 /* Products */,
			);
			sourceTree = "<group>";
		};
		13DED3692E1E54A60072C214 /* Products */ = {
			isa = PBXGroup;
			children = (
				13DED3682E1E54A60072C214 /* FMKasse.app */,
				13DED3752E1E54A80072C214 /* FMKasseTests.xctest */,
				13DED37F2E1E54A80072C214 /* FMKasseUITests.xctest */,
			);
			name = Products;
			sourceTree = "<group>";
		};
		13DED39F2E1E572F0072C214 /* Frameworks */ = {
			isa = PBXGroup;
			children = (
			);
			name = Frameworks;
			sourceTree = "<group>";
		};
/* End PBXGroup section */

/* Begin PBXNativeTarget section */
		13DED3672E1E54A60072C214 /* FMKasse */ = {
			isa = PBXNativeTarget;
			buildConfigurationList = 13DED3892E1E54A80072C214 /* Build configuration list for PBXNativeTarget "FMKasse" */;
			buildPhases = (
				13DED3642E1E54A60072C214 /* Sources */,
				13DED3652E1E54A60072C214 /* Frameworks */,
				13DED3662E1E54A60072C214 /* Resources */,
			);
			buildRules = (
			);
			dependencies = (
			);
			fileSystemSynchronizedGroups = (
				13DED36A2E1E54A60072C214 /* FMKasse */,
			);
			name = FMKasse;
			packageProductDependencies = (
				13DED3932E1E55C90072C214 /* Auth */,
				13DED3952E1E55C90072C214 /* Functions */,
				13DED3972E1E55C90072C214 /* PostgREST */,
				13DED3992E1E55C90072C214 /* Realtime */,
				13DED39B2E1E55C90072C214 /* Storage */,
				13DED3A02E1E572F0072C214 /* Supabase */,
			);
			productName = FMKasse;
			productReference = 13DED3682E1E54A60072C214 /* FMKasse.app */;
			productType = "com.apple.product-type.application";
		};
		13DED3742E1E54A80072C214 /* FMKasseTests */ = {
			isa = PBXNativeTarget;
			buildConfigurationList = 13DED38C2E1E54A80072C214 /* Build configuration list for PBXNativeTarget "FMKasseTests" */;
			buildPhases = (
				13DED3712E1E54A80072C214 /* Sources */,
				13DED3722E1E54A80072C214 /* Frameworks */,
				13DED3732E1E54A80072C214 /* Resources */,
			);
			buildRules = (
			);
			dependencies = (
				13DED3772E1E54A80072C214 /* PBXTargetDependency */,
			);
			fileSystemSynchronizedGroups = (
				13DED3782E1E54A80072C214 /* FMKasseTests */,
			);
			name = FMKasseTests;
			packageProductDependencies = (
			);
			productName = FMKasseTests;
			productReference = 13DED3752E1E54A80072C214 /* FMKasseTests.xctest */;
			productType = "com.apple.product-type.bundle.unit-test";
		};
		13DED37E2E1E54A80072C214 /* FMKasseUITests */ = {
			isa = PBXNativeTarget;
			buildConfigurationList = 13DED38F2E1E54A80072C214 /* Build configuration list for PBXNativeTarget "FMKasseUITests" */;
			buildPhases = (
				13DED37B2E1E54A80072C214 /* Sources */,
				13DED37C2E1E54A80072C214 /* Frameworks */,
				13DED37D2E1E54A80072C214 /* Resources */,
			);
			buildRules = (
			);
			dependencies = (
				13DED3812E1E54A80072C214 /* PBXTargetDependency */,
			);
			fileSystemSynchronizedGroups = (
				13DED3822E1E54A80072C214 /* FMKasseUITests */,
			);
			name = FMKasseUITests;
			packageProductDependencies = (
			);
			productName = FMKasseUITests;
			productReference = 13DED37F2E1E54A80072C214 /* FMKasseUITests.xctest */;
			productType = "com.apple.product-type.bundle.ui-testing";
		};
/* End PBXNativeTarget section */

/* Begin PBXProject section */
		13DED3602E1E54A60072C214 /* Project object */ = {
			isa = PBXProject;
			attributes = {
				BuildIndependentTargetsInParallel = 1;
				LastSwiftUpdateCheck = 1640;
				LastUpgradeCheck = 2650;
				TargetAttributes = {
					13DED3672E1E54A60072C214 = {
						CreatedOnToolsVersion = 16.4;
					};
					13DED3742E1E54A80072C214 = {
						CreatedOnToolsVersion = 16.4;
						TestTargetID = 13DED3672E1E54A60072C214;
					};
					13DED37E2E1E54A80072C214 = {
						CreatedOnToolsVersion = 16.4;
						TestTargetID = 13DED3672E1E54A60072C214;
					};
				};
			};
			buildConfigurationList = 13DED3632E1E54A60072C214 /* Build configuration list for PBXProject "FMKasse" */;
			developmentRegion = en;
			hasScannedForEncodings = 0;
			knownRegions = (
				en,
				Base,
			);
			mainGroup = 13DED35F2E1E54A60072C214;
			minimizedProjectReferenceProxies = 1;
			packageReferences = (
				13DED3922E1E55C90072C214 /* XCRemoteSwiftPackageReference "supabase-swift" */,
			);
			preferredProjectObjectVersion = 77;
			productRefGroup = 13DED3692E1E54A60072C214 /* Products */;
			projectDirPath = "";
			projectRoot = "";
			targets = (
				13DED3672E1E54A60072C214 /* FMKasse */,
				13DED3742E1E54A80072C214 /* FMKasseTests */,
				13DED37E2E1E54A80072C214 /* FMKasseUITests */,
			);
		};
/* End PBXProject section */

/* Begin PBXResourcesBuildPhase section */
		13DED3662E1E54A60072C214 /* Resources */ = {
			isa = PBXResourcesBuildPhase;
			buildActionMask = 2147483647;
			files = (
			);
			runOnlyForDeploymentPostprocessing = 0;
		};
		13DED3732E1E54A80072C214 /* Resources */ = {
			isa = PBXResourcesBuildPhase;
			buildActionMask = 2147483647;
			files = (
			);
			runOnlyForDeploymentPostprocessing = 0;
		};
		13DED37D2E1E54A80072C214 /* Resources */ = {
			isa = PBXResourcesBuildPhase;
			buildActionMask = 2147483647;
			files = (
			);
			runOnlyForDeploymentPostprocessing = 0;
		};
/* End PBXResourcesBuildPhase section */

/* Begin PBXSourcesBuildPhase section */
		13DED3642E1E54A60072C214 /* Sources */ = {
			isa = PBXSourcesBuildPhase;
			buildActionMask = 2147483647;
			files = (
			);
			runOnlyForDeploymentPostprocessing = 0;
		};
		13DED3712E1E54A80072C214 /* Sources */ = {
			isa = PBXSourcesBuildPhase;
			buildActionMask = 2147483647;
			files = (
			);
			runOnlyForDeploymentPostprocessing = 0;
		};
		13DED37B2E1E54A80072C214 /* Sources */ = {
			isa = PBXSourcesBuildPhase;
			buildActionMask = 2147483647;
			files = (
			);
			runOnlyForDeploymentPostprocessing = 0;
		};
/* End PBXSourcesBuildPhase section */

/* Begin PBXTargetDependency section */
		13DED3772E1E54A80072C214 /* PBXTargetDependency */ = {
			isa = PBXTargetDependency;
			target = 13DED3672E1E54A60072C214 /* FMKasse */;
			targetProxy = 13DED3762E1E54A80072C214 /* PBXContainerItemProxy */;
		};
		13DED3812E1E54A80072C214 /* PBXTargetDependency */ = {
			isa = PBXTargetDependency;
			target = 13DED3672E1E54A60072C214 /* FMKasse */;
			targetProxy = 13DED3802E1E54A80072C214 /* PBXContainerItemProxy */;
		};
/* End PBXTargetDependency section */

/* Begin XCBuildConfiguration section */
		13DED3872E1E54A80072C214 /* Debug */ = {
			isa = XCBuildConfiguration;
			buildSettings = {
				ALWAYS_SEARCH_USER_PATHS = NO;
				ASSETCATALOG_COMPILER_GENERATE_SWIFT_ASSET_SYMBOL_EXTENSIONS = YES;
				CLANG_ANALYZER_NONNULL = YES;
				CLANG_ANALYZER_NUMBER_OBJECT_CONVERSION = YES_AGGRESSIVE;
				CLANG_CXX_LANGUAGE_STANDARD = "gnu++20";
				CLANG_ENABLE_MODULES = YES;
				CLANG_ENABLE_OBJC_ARC = YES;
				CLANG_ENABLE_OBJC_WEAK = YES;
				CLANG_WARN_BLOCK_CAPTURE_AUTORELEASING = YES;
				CLANG_WARN_BOOL_CONVERSION = YES;
				CLANG_WARN_COMMA = YES;
				CLANG_WARN_CONSTANT_CONVERSION = YES;
				CLANG_WARN_DEPRECATED_OBJC_IMPLEMENTATIONS = YES;
				CLANG_WARN_DIRECT_OBJC_ISA_USAGE = YES_ERROR;
				CLANG_WARN_DOCUMENTATION_COMMENTS = YES;
				CLANG_WARN_EMPTY_BODY = YES;
				CLANG_WARN_ENUM_CONVERSION = YES;
				CLANG_WARN_INFINITE_RECURSION = YES;
				CLANG_WARN_INT_CONVERSION = YES;
				CLANG_WARN_NON_LITERAL_NULL_CONVERSION = YES;
				CLANG_WARN_OBJC_IMPLICIT_RETAIN_SELF = YES;
				CLANG_WARN_OBJC_LITERAL_CONVERSION = YES;
				CLANG_WARN_OBJC_ROOT_CLASS = YES_ERROR;
				CLANG_WARN_QUOTED_INCLUDE_IN_FRAMEWORK_HEADER = YES;
				CLANG_WARN_RANGE_LOOP_ANALYSIS = YES;
				CLANG_WARN_STRICT_PROTOTYPES = YES;
				CLANG_WARN_SUSPICIOUS_MOVE = YES;
				CLANG_WARN_UNGUARDED_AVAILABILITY = YES_AGGRESSIVE;
				CLANG_WARN_UNREACHABLE_CODE = YES;
				CLANG_WARN__DUPLICATE_METHOD_MATCH = YES;
				COPY_PHASE_STRIP = NO;
				DEBUG_INFORMATION_FORMAT = dwarf;
				DEVELOPMENT_TEAM = K26Y747TFV;
				ENABLE_STRICT_OBJC_MSGSEND = YES;
				ENABLE_TESTABILITY = YES;
				ENABLE_USER_SCRIPT_SANDBOXING = YES;
				GCC_C_LANGUAGE_STANDARD = gnu17;
				GCC_DYNAMIC_NO_PIC = NO;
				GCC_NO_COMMON_BLOCKS = YES;
				GCC_OPTIMIZATION_LEVEL = 0;
				GCC_PREPROCESSOR_DEFINITIONS = (
					"DEBUG=1",
					"$(inherited)",
				);
				GCC_WARN_64_TO_32_BIT_CONVERSION = YES;
				GCC_WARN_ABOUT_RETURN_TYPE = YES_ERROR;
				GCC_WARN_UNDECLARED_SELECTOR = YES;
				GCC_WARN_UNINITIALIZED_AUTOS = YES_AGGRESSIVE;
				GCC_WARN_UNUSED_FUNCTION = YES;
				GCC_WARN_UNUSED_VARIABLE = YES;
				IPHONEOS_DEPLOYMENT_TARGET = 18.5;
				LOCALIZATION_PREFERS_STRING_CATALOGS = YES;
				MTL_ENABLE_DEBUG_INFO = INCLUDE_SOURCE;
				MTL_FAST_MATH = YES;
				ONLY_ACTIVE_ARCH = YES;
				SDKROOT = iphoneos;
				STRING_CATALOG_GENERATE_SYMBOLS = YES;
				SWIFT_ACTIVE_COMPILATION_CONDITIONS = "DEBUG $(inherited)";
				SWIFT_OPTIMIZATION_LEVEL = "-Onone";
			};
			name = Debug;
		};
		13DED3882E1E54A80072C214 /* Release */ = {
			isa = XCBuildConfiguration;
			buildSettings = {
				ALWAYS_SEARCH_USER_PATHS = NO;
				ASSETCATALOG_COMPILER_GENERATE_SWIFT_ASSET_SYMBOL_EXTENSIONS = YES;
				CLANG_ANALYZER_NONNULL = YES;
				CLANG_ANALYZER_NUMBER_OBJECT_CONVERSION = YES_AGGRESSIVE;
				CLANG_CXX_LANGUAGE_STANDARD = "gnu++20";
				CLANG_ENABLE_MODULES = YES;
				CLANG_ENABLE_OBJC_ARC = YES;
				CLANG_ENABLE_OBJC_WEAK = YES;
				CLANG_WARN_BLOCK_CAPTURE_AUTORELEASING = YES;
				CLANG_WARN_BOOL_CONVERSION = YES;
				CLANG_WARN_COMMA = YES;
				CLANG_WARN_CONSTANT_CONVERSION = YES;
				CLANG_WARN_DEPRECATED_OBJC_IMPLEMENTATIONS = YES;
				CLANG_WARN_DIRECT_OBJC_ISA_USAGE = YES_ERROR;
				CLANG_WARN_DOCUMENTATION_COMMENTS = YES;
				CLANG_WARN_EMPTY_BODY = YES;
				CLANG_WARN_ENUM_CONVERSION = YES;
				CLANG_WARN_INFINITE_RECURSION = YES;
				CLANG_WARN_INT_CONVERSION = YES;
				CLANG_WARN_NON_LITERAL_NULL_CONVERSION = YES;
				CLANG_WARN_OBJC_IMPLICIT_RETAIN_SELF = YES;
				CLANG_WARN_OBJC_LITERAL_CONVERSION = YES;
				CLANG_WARN_OBJC_ROOT_CLASS = YES_ERROR;
				CLANG_WARN_QUOTED_INCLUDE_IN_FRAMEWORK_HEADER = YES;
				CLANG_WARN_RANGE_LOOP_ANALYSIS = YES;
				CLANG_WARN_STRICT_PROTOTYPES = YES;
				CLANG_WARN_SUSPICIOUS_MOVE = YES;
				CLANG_WARN_UNGUARDED_AVAILABILITY = YES_AGGRESSIVE;
				CLANG_WARN_UNREACHABLE_CODE = YES;
				CLANG_WARN__DUPLICATE_METHOD_MATCH = YES;
				COPY_PHASE_STRIP = NO;
				DEBUG_INFORMATION_FORMAT = "dwarf-with-dsym";
				DEVELOPMENT_TEAM = K26Y747TFV;
				ENABLE_NS_ASSERTIONS = NO;
				ENABLE_STRICT_OBJC_MSGSEND = YES;
				ENABLE_USER_SCRIPT_SANDBOXING = YES;
				GCC_C_LANGUAGE_STANDARD = gnu17;
				GCC_NO_COMMON_BLOCKS = YES;
				GCC_WARN_64_TO_32_BIT_CONVERSION = YES;
				GCC_WARN_ABOUT_RETURN_TYPE = YES_ERROR;
				GCC_WARN_UNDECLARED_SELECTOR = YES;
				GCC_WARN_UNINITIALIZED_AUTOS = YES_AGGRESSIVE;
				GCC_WARN_UNUSED_FUNCTION = YES;
				GCC_WARN_UNUSED_VARIABLE = YES;
				IPHONEOS_DEPLOYMENT_TARGET = 18.5;
				LOCALIZATION_PREFERS_STRING_CATALOGS = YES;
				MTL_ENABLE_DEBUG_INFO = NO;
				MTL_FAST_MATH = YES;
				SDKROOT = iphoneos;
				STRING_CATALOG_GENERATE_SYMBOLS = YES;
				SWIFT_COMPILATION_MODE = wholemodule;
				VALIDATE_PRODUCT = YES;
			};
			name = Release;
		};
		13DED38A2E1E54A80072C214 /* Debug */ = {
			isa = XCBuildConfiguration;
			buildSettings = {
				ASSETCATALOG_COMPILER_APPICON_NAME = AppIcon;
				ASSETCATALOG_COMPILER_GLOBAL_ACCENT_COLOR_NAME = AccentColor;
				CODE_SIGN_STYLE = Automatic;
				CURRENT_PROJECT_VERSION = 1;
				DEVELOPMENT_TEAM = K26Y747TFV;
				ENABLE_PREVIEWS = YES;
				GENERATE_INFOPLIST_FILE = YES;
				INFOPLIST_FILE = FMKasse/Info.plist;
				INFOPLIST_KEY_UIApplicationSceneManifest_Generation = YES;
				INFOPLIST_KEY_UIApplicationSupportsIndirectInputEvents = YES;
				INFOPLIST_KEY_UILaunchScreen_Generation = YES;
				INFOPLIST_KEY_UISupportedInterfaceOrientations_iPad = "UIInterfaceOrientationPortrait UIInterfaceOrientationPortraitUpsideDown UIInterfaceOrientationLandscapeLeft UIInterfaceOrientationLandscapeRight";
				INFOPLIST_KEY_UISupportedInterfaceOrientations_iPhone = "UIInterfaceOrientationPortrait UIInterfaceOrientationLandscapeLeft UIInterfaceOrientationLandscapeRight";
				LD_RUNPATH_SEARCH_PATHS = (
					"$(inherited)",
					"@executable_path/Frameworks",
				);
				MARKETING_VERSION = 1.0;
				PRODUCT_BUNDLE_IDENTIFIER = swiss.innosol.FMKasse;
				PRODUCT_NAME = "$(TARGET_NAME)";
				SWIFT_EMIT_LOC_STRINGS = YES;
				SWIFT_VERSION = 5.0;
				TARGETED_DEVICE_FAMILY = "1,2";
			};
			name = Debug;
		};
		13DED38B2E1E54A80072C214 /* Release */ = {
			isa = XCBuildConfiguration;
			buildSettings = {
				ASSETCATALOG_COMPILER_APPICON_NAME = AppIcon;
				ASSETCATALOG_COMPILER_GLOBAL_ACCENT_COLOR_NAME = AccentColor;
				CODE_SIGN_STYLE = Automatic;
				CURRENT_PROJECT_VERSION = 1;
				DEVELOPMENT_TEAM = K26Y747TFV;
				ENABLE_PREVIEWS = YES;
				GENERATE_INFOPLIST_FILE = YES;
				INFOPLIST_FILE = FMKasse/Info.plist;
				INFOPLIST_KEY_UIApplicationSceneManifest_Generation = YES;
				INFOPLIST_KEY_UIApplicationSupportsIndirectInputEvents = YES;
				INFOPLIST_KEY_UILaunchScreen_Generation = YES;
				INFOPLIST_KEY_UISupportedInterfaceOrientations_iPad = "UIInterfaceOrientationPortrait UIInterfaceOrientationPortraitUpsideDown UIInterfaceOrientationLandscapeLeft UIInterfaceOrientationLandscapeRight";
				INFOPLIST_KEY_UISupportedInterfaceOrientations_iPhone = "UIInterfaceOrientationPortrait UIInterfaceOrientationLandscapeLeft UIInterfaceOrientationLandscapeRight";
				LD_RUNPATH_SEARCH_PATHS = (
					"$(inherited)",
					"@executable_path/Frameworks",
				);
				MARKETING_VERSION = 1.0;
				PRODUCT_BUNDLE_IDENTIFIER = swiss.innosol.FMKasse;
				PRODUCT_NAME = "$(TARGET_NAME)";
				SWIFT_EMIT_LOC_STRINGS = YES;
				SWIFT_VERSION = 5.0;
				TARGETED_DEVICE_FAMILY = "1,2";
			};
			name = Release;
		};
		13DED38D2E1E54A80072C214 /* Debug */ = {
			isa = XCBuildConfiguration;
			buildSettings = {
				BUNDLE_LOADER = "$(TEST_HOST)";
				CODE_SIGN_STYLE = Automatic;
				CURRENT_PROJECT_VERSION = 1;
				DEVELOPMENT_TEAM = K26Y747TFV;
				GENERATE_INFOPLIST_FILE = YES;
				IPHONEOS_DEPLOYMENT_TARGET = 18.5;
				MARKETING_VERSION = 1.0;
				PRODUCT_BUNDLE_IDENTIFIER = swiss.innosol.FMKasseTests;
				PRODUCT_NAME = "$(TARGET_NAME)";
				SWIFT_EMIT_LOC_STRINGS = NO;
				SWIFT_VERSION = 5.0;
				TARGETED_DEVICE_FAMILY = "1,2";
				TEST_HOST = "$(BUILT_PRODUCTS_DIR)/FMKasse.app/$(BUNDLE_EXECUTABLE_FOLDER_PATH)/FMKasse";
			};
			name = Debug;
		};
		13DED38E2E1E54A80072C214 /* Release */ = {
			isa = XCBuildConfiguration;
			buildSettings = {
				BUNDLE_LOADER = "$(TEST_HOST)";
				CODE_SIGN_STYLE = Automatic;
				CURRENT_PROJECT_VERSION = 1;
				DEVELOPMENT_TEAM = K26Y747TFV;
				GENERATE_INFOPLIST_FILE = YES;
				IPHONEOS_DEPLOYMENT_TARGET = 18.5;
				MARKETING_VERSION = 1.0;
				PRODUCT_BUNDLE_IDENTIFIER = swiss.innosol.FMKasseTests;
				PRODUCT_NAME = "$(TARGET_NAME)";
				SWIFT_EMIT_LOC_STRINGS = NO;
				SWIFT_VERSION = 5.0;
				TARGETED_DEVICE_FAMILY = "1,2";
				TEST_HOST = "$(BUILT_PRODUCTS_DIR)/FMKasse.app/$(BUNDLE_EXECUTABLE_FOLDER_PATH)/FMKasse";
			};
			name = Release;
		};
		13DED3902E1E54A80072C214 /* Debug */ = {
			isa = XCBuildConfiguration;
			buildSettings = {
				CODE_SIGN_STYLE = Automatic;
				CURRENT_PROJECT_VERSION = 1;
				DEVELOPMENT_TEAM = K26Y747TFV;
				GENERATE_INFOPLIST_FILE = YES;
				MARKETING_VERSION = 1.0;
				PRODUCT_BUNDLE_IDENTIFIER = swiss.innosol.FMKasseUITests;
				PRODUCT_NAME = "$(TARGET_NAME)";
				SWIFT_EMIT_LOC_STRINGS = NO;
				SWIFT_VERSION = 5.0;
				TARGETED_DEVICE_FAMILY = "1,2";
				TEST_TARGET_NAME = FMKasse;
			};
			name = Debug;
		};
		13DED3912E1E54A80072C214 /* Release */ = {
			isa = XCBuildConfiguration;
			buildSettings = {
				CODE_SIGN_STYLE = Automatic;
				CURRENT_PROJECT_VERSION = 1;
				DEVELOPMENT_TEAM = K26Y747TFV;
				GENERATE_INFOPLIST_FILE = YES;
				MARKETING_VERSION = 1.0;
				PRODUCT_BUNDLE_IDENTIFIER = swiss.innosol.FMKasseUITests;
				PRODUCT_NAME = "$(TARGET_NAME)";
				SWIFT_EMIT_LOC_STRINGS = NO;
				SWIFT_VERSION = 5.0;
				TARGETED_DEVICE_FAMILY = "1,2";
				TEST_TARGET_NAME = FMKasse;
			};
			name = Release;
		};
/* End XCBuildConfiguration section */

/* Begin XCConfigurationList section */
		13DED3632E1E54A60072C214 /* Build configuration list for PBXProject "FMKasse" */ = {
			isa = XCConfigurationList;
			buildConfigurations = (
				13DED3872E1E54A80072C214 /* Debug */,
				13DED3882E1E54A80072C214 /* Release */,
			);
			defaultConfigurationIsVisible = 0;
			defaultConfigurationName = Release;
		};
		13DED3892E1E54A80072C214 /* Build configuration list for PBXNativeTarget "FMKasse" */ = {
			isa = XCConfigurationList;
			buildConfigurations = (
				13DED38A2E1E54A80072C214 /* Debug */,
				13DED38B2E1E54A80072C214 /* Release */,
			);
			defaultConfigurationIsVisible = 0;
			defaultConfigurationName = Release;
		};
		13DED38C2E1E54A80072C214 /* Build configuration list for PBXNativeTarget "FMKasseTests" */ = {
			isa = XCConfigurationList;
			buildConfigurations = (
				13DED38D2E1E54A80072C214 /* Debug */,
				13DED38E2E1E54A80072C214 /* Release */,
			);
			defaultConfigurationIsVisible = 0;
			defaultConfigurationName = Release;
		};
		13DED38F2E1E54A80072C214 /* Build configuration list for PBXNativeTarget "FMKasseUITests" */ = {
			isa = XCConfigurationList;
			buildConfigurations = (
				13DED3902E1E54A80072C214 /* Debug */,
				13DED3912E1E54A80072C214 /* Release */,
			);
			defaultConfigurationIsVisible = 0;
			defaultConfigurationName = Release;
		};
/* End XCConfigurationList section */

/* Begin XCRemoteSwiftPackageReference section */
		13DED3922E1E55C90072C214 /* XCRemoteSwiftPackageReference "supabase-swift" */ = {
			isa = XCRemoteSwiftPackageReference;
			repositoryURL = "https://github.com/supabase-community/supabase-swift";
			requirement = {
				kind = upToNextMajorVersion;
				minimumVersion = 2.5.1;
			};
		};
/* End XCRemoteSwiftPackageReference section */

/* Begin XCSwiftPackageProductDependency section */
		13DED3932E1E55C90072C214 /* Auth */ = {
			isa = XCSwiftPackageProductDependency;
			package = 13DED3922E1E55C90072C214 /* XCRemoteSwiftPackageReference "supabase-swift" */;
			productName = Auth;
		};
		13DED3952E1E55C90072C214 /* Functions */ = {
			isa = XCSwiftPackageProductDependency;
			package = 13DED3922E1E55C90072C214 /* XCRemoteSwiftPackageReference "supabase-swift" */;
			productName = Functions;
		};
		13DED3972E1E55C90072C214 /* PostgREST */ = {
			isa = XCSwiftPackageProductDependency;
			package = 13DED3922E1E55C90072C214 /* XCRemoteSwiftPackageReference "supabase-swift" */;
			productName = PostgREST;
		};
		13DED3992E1E55C90072C214 /* Realtime */ = {
			isa = XCSwiftPackageProductDependency;
			package = 13DED3922E1E55C90072C214 /* XCRemoteSwiftPackageReference "supabase-swift" */;
			productName = Realtime;
		};
		13DED39B2E1E55C90072C214 /* Storage */ = {
			isa = XCSwiftPackageProductDependency;
			package = 13DED3922E1E55C90072C214 /* XCRemoteSwiftPackageReference "supabase-swift" */;
			productName = Storage;
		};
		13DED3A02E1E572F0072C214 /* Supabase */ = {
			isa = XCSwiftPackageProductDependency;
			package = 13DED3922E1E55C90072C214 /* XCRemoteSwiftPackageReference "supabase-swift" */;
			productName = Supabase;
		};
/* End XCSwiftPackageProductDependency section */
	};
	rootObject = 13DED3602E1E54A60072C214 /* Project object */;
}
